PODS:
  - AFNetworking (1.3.3)
  - DTCoreText (1.6.11):
    - DTFoundation/Core (~> 1.6.1)
    - DTFoundation/DTHTMLParser (~> 1.6.1)
    - DTFoundation/UIKit (~> 1.6.1)
  - DTFoundation/Core (1.6.2)
  - DTFoundation/DTHTMLParser (1.6.2):
    - DTFoundation/Core
  - DTFoundation/UIKit (1.6.2):
    - DTFoundation/Core
  - ECSlidingViewController (0.10.0)
  - GoogleAnalytics-iOS-SDK (3.0.6)
  - MagicalRecord (2.2):
    - MagicalRecord/Core
  - MagicalRecord/Core (2.2)
  - MDCParallaxView (0.1.4)
  - ODRefreshControl (1.1.0)
  - sundown (0.1.0)
  - YLMoment (0.2.0)

DEPENDENCIES:
  - AFNetworking (~> 1.3.0)
  - DTCoreText (~> 1.6.9)
  - ECSlidingViewController (~> 0.10.0)
  - GoogleAnalytics-iOS-SDK (~> 3.0.2)
  - MagicalRecord (~> 2.0)
  - MDCParallaxView (~> 0.1.4)
  - ODRefreshControl (~> 1.1.0)
  - sundown (~> 0.1.0)
  - YLMoment (~> 0.2.0)

SPEC CHECKSUMS:
  AFNetworking: 61fdd49e2ffe6380378df37b3b6e70630bb9dd66
  DTCoreText: 4d56bb74ff05a3b2415fc15fccc4b5689ed3119c
  DTFoundation: 7c69990fa3cb7655cafa95ab59c3fcea014460f0
  ECSlidingViewController: fc9a9a6564d4a64c0d8c7cf5583d2b9a469ecd04
  GoogleAnalytics-iOS-SDK: 16dfcc0c4491148bf372edc85a8470cc405ffb72
  MagicalRecord: 95d49d74ef752cd52f6ad87bcb474817fc3978cf
  MDCParallaxView: a1aea11598439a6c20864e7bec23aa595464475b
  ODRefreshControl: 886e323a7c25114b9e5c397a9eefbebc034224a9
  sundown: f0b86bd08ee36f84e9e6a6332d3cbd0309889dfa
  YLMoment: 609cf751d07305c6e807dc2c161a4b30987467fd

COCOAPODS: 0.31.1
